
Microsoft Visual Studio Solution File, Format Version 12.00
# Visual Studio Version 17
VisualStudioVersion = 17.14.36414.22 d17.14
MinimumVisualStudioVersion = 10.0.40219.1
Project("{FAE04EC0-301F-11D3-BF4B-00C04F79EFBC}") = "№6. WPF", "№6. WPF\№6. WPF.csproj", "{CCF44353-606E-4A23-A8C6-2514CB299144}"
EndProject
Global
	GlobalSection(SolutionConfigurationPlatforms) = preSolution
		Debug|Any CPU = Debug|Any CPU
		Release|Any CPU = Release|Any CPU
	EndGlobalSection
	GlobalSection(ProjectConfigurationPlatforms) = postSolution
		{CCF44353-606E-4A23-A8C6-2514CB299144}.Debug|Any CPU.ActiveCfg = Debug|Any CPU
		{CCF44353-606E-4A23-A8C6-2514CB299144}.Debug|Any CPU.Build.0 = Debug|Any CPU
		{CCF44353-606E-4A23-A8C6-2514CB299144}.Release|Any CPU.ActiveCfg = Release|Any CPU
		{CCF44353-606E-4A23-A8C6-2514CB299144}.Release|Any CPU.Build.0 = Release|Any CPU
	EndGlobalSection
	GlobalSection(SolutionProperties) = preSolution
		HideSolutionNode = FALSE
	EndGlobalSection
	GlobalSection(ExtensibilityGlobals) = postSolution
		SolutionGuid = {2A719D3D-2D44-4DA7-934C-8A6C9322D5AE}
	EndGlobalSection
EndGlobal
